{
	"name": "remote-library",
	"version": "0.0.1",
	"lockfileVersion": 3,
	"requires": true,
	"packages": {
		"": {
			"name": "remote-library",
			"version": "0.0.1",
			"dependencies": {
				"tslib": "^2.3.0"
			},
			"peerDependencies": {
				"@angular/animations": "^18.2.0",
				"@angular/common": "^18.2.0",
				"@angular/compiler": "^18.2.0",
				"@angular/core": "^18.2.0",
				"@angular/forms": "^18.2.0",
				"@angular/platform-browser": "^18.2.0",
				"@angular/platform-browser-dynamic": "^18.2.0",
				"@angular/router": "^18.2.0",
				"ngx-webstorage": "^18.0.0",
				"rxjs": "^7.8.1",
				"zone.js": "~0.14.0"
			}
		},
		"node_modules/@angular/animations": {
			"version": "18.2.0",
			"resolved": "https://registry.npmjs.org/@angular/animations/-/animations-18.2.0.tgz",
			"integrity": "sha512-BFAfqDDjsa0Q91F4s33pFcBG+ydFDurEmwYGG1gmO7UXZJI6ZbRVdULaZHz75M+Bf3hJkzVB05pesvfbK+Fg/g==",
			"peer": true,
			"dependencies": {
				"tslib": "^2.3.0"
			},
			"engines": {
				"node": "^18.19.1 || ^20.11.1 || >=22.0.0"
			},
			"peerDependencies": {
				"@angular/core": "18.2.0"
			}
		},
		"node_modules/@angular/common": {
			"version": "18.2.0",
			"resolved": "https://registry.npmjs.org/@angular/common/-/common-18.2.0.tgz",
			"integrity": "sha512-DELx/QYNqqjmiM+kE5PoVmyG4gPw5WB1bDDeg3hEuBCK3eS2KosgQH0/MQo3OSBZHOcAMFjfHMGqKgxndmYixQ==",
			"peer": true,
			"dependencies": {
				"tslib": "^2.3.0"
			},
			"engines": {
				"node": "^18.19.1 || ^20.11.1 || >=22.0.0"
			},
			"peerDependencies": {
				"@angular/core": "18.2.0",
				"rxjs": "^6.5.3 || ^7.4.0"
			}
		},
		"node_modules/@angular/compiler": {
			"version": "18.2.0",
			"resolved": "https://registry.npmjs.org/@angular/compiler/-/compiler-18.2.0.tgz",
			"integrity": "sha512-RmGwQ7jRzotUKKMk0CwxTcIXFr5mRxSbJf9o5S3ujuIOo1lYop8SQZvjq67a5BuoYyD+1pX6iMmxZqlbKoihBQ==",
			"peer": true,
			"dependencies": {
				"tslib": "^2.3.0"
			},
			"engines": {
				"node": "^18.19.1 || ^20.11.1 || >=22.0.0"
			},
			"peerDependencies": {
				"@angular/core": "18.2.0"
			},
			"peerDependenciesMeta": {
				"@angular/core": {
					"optional": true
				}
			}
		},
		"node_modules/@angular/core": {
			"version": "18.2.0",
			"resolved": "https://registry.npmjs.org/@angular/core/-/core-18.2.0.tgz",
			"integrity": "sha512-7+4wXfeAk1TnG3MGho2gpBI5XHxeSRWzLK2rC5qyyRbmMV+GrIgf1HqFjQ4S02rydkQvGpjqQHtO1PYJnyn4bg==",
			"peer": true,
			"dependencies": {
				"tslib": "^2.3.0"
			},
			"engines": {
				"node": "^18.19.1 || ^20.11.1 || >=22.0.0"
			},
			"peerDependencies": {
				"rxjs": "^6.5.3 || ^7.4.0",
				"zone.js": "~0.14.10"
			}
		},
		"node_modules/@angular/forms": {
			"version": "18.2.0",
			"resolved": "https://registry.npmjs.org/@angular/forms/-/forms-18.2.0.tgz",
			"integrity": "sha512-G+4BjNCUo4cRwg9NwisGLbtG/1AbIJNOO3RUejPJJbCcAkYMSzmDWSQ+LQEGW4vC/1xaDKO8AT71DI/I09bOxA==",
			"peer": true,
			"dependencies": {
				"tslib": "^2.3.0"
			},
			"engines": {
				"node": "^18.19.1 || ^20.11.1 || >=22.0.0"
			},
			"peerDependencies": {
				"@angular/common": "18.2.0",
				"@angular/core": "18.2.0",
				"@angular/platform-browser": "18.2.0",
				"rxjs": "^6.5.3 || ^7.4.0"
			}
		},
		"node_modules/@angular/platform-browser": {
			"version": "18.2.0",
			"resolved": "https://registry.npmjs.org/@angular/platform-browser/-/platform-browser-18.2.0.tgz",
			"integrity": "sha512-yhj281TuPz5a8CehwucwIVl29Oqte9KS4X/VQkMV++GpYQE2KKKcoff4FXSdF5RUcUYkK2li4IvawIqPmUSagg==",
			"peer": true,
			"dependencies": {
				"tslib": "^2.3.0"
			},
			"engines": {
				"node": "^18.19.1 || ^20.11.1 || >=22.0.0"
			},
			"peerDependencies": {
				"@angular/animations": "18.2.0",
				"@angular/common": "18.2.0",
				"@angular/core": "18.2.0"
			},
			"peerDependenciesMeta": {
				"@angular/animations": {
					"optional": true
				}
			}
		},
		"node_modules/@angular/platform-browser-dynamic": {
			"version": "18.2.0",
			"resolved": "https://registry.npmjs.org/@angular/platform-browser-dynamic/-/platform-browser-dynamic-18.2.0.tgz",
			"integrity": "sha512-izfaXKNC/kqOEzJG8eTnFu39VLI3vv3dTKoYOdEKRB7MTI0t0x66oZmABnHcihtkTSvXs/is+7lA5HmH2ZuIEQ==",
			"peer": true,
			"dependencies": {
				"tslib": "^2.3.0"
			},
			"engines": {
				"node": "^18.19.1 || ^20.11.1 || >=22.0.0"
			},
			"peerDependencies": {
				"@angular/common": "18.2.0",
				"@angular/compiler": "18.2.0",
				"@angular/core": "18.2.0",
				"@angular/platform-browser": "18.2.0"
			}
		},
		"node_modules/@angular/router": {
			"version": "18.2.0",
			"resolved": "https://registry.npmjs.org/@angular/router/-/router-18.2.0.tgz",
			"integrity": "sha512-6/462hvC3HSwbps8VItECHpkdkiFqRmTKdn1Trik+FjnvdupYrKB6kBsveM3eP+gZD4zyMBMKzBWB9N/xA1clw==",
			"peer": true,
			"dependencies": {
				"tslib": "^2.3.0"
			},
			"engines": {
				"node": "^18.19.1 || ^20.11.1 || >=22.0.0"
			},
			"peerDependencies": {
				"@angular/common": "18.2.0",
				"@angular/core": "18.2.0",
				"@angular/platform-browser": "18.2.0",
				"rxjs": "^6.5.3 || ^7.4.0"
			}
		},
		"node_modules/ngx-webstorage": {
			"version": "18.0.0",
			"resolved": "https://registry.npmjs.org/ngx-webstorage/-/ngx-webstorage-18.0.0.tgz",
			"integrity": "sha512-Fg9y0Vb89CBSjSmJPjvotZljyqSNo97TlWpR6OIsHzuMwrj7u9OgEBmqOgiRK2GGsUdVMy8SF3s3Ymier6xuew==",
			"peer": true,
			"dependencies": {
				"tslib": "^2.0.0"
			},
			"peerDependencies": {
				"@angular/common": "^18.0.0",
				"@angular/core": "^18.0.0"
			}
		},
		"node_modules/rxjs": {
			"version": "7.8.1",
			"resolved": "https://registry.npmjs.org/rxjs/-/rxjs-7.8.1.tgz",
			"integrity": "sha512-AA3TVj+0A2iuIoQkWEK/tqFjBq2j+6PO6Y0zJcvzLAFhEFIO3HL0vls9hWLncZbAAbK0mar7oZ4V079I/qPMxg==",
			"peer": true,
			"dependencies": {
				"tslib": "^2.1.0"
			}
		},
		"node_modules/tslib": {
			"version": "2.6.3",
			"resolved": "https://registry.npmjs.org/tslib/-/tslib-2.6.3.tgz",
			"integrity": "sha512-xNvxJEOUiWPGhUuUdQgAJPKOOJfGnIyKySOc09XkKsgdUV/3E2zvwZYdejjmRgPCgcym1juLH3226yA7sEFJKQ=="
		},
		"node_modules/zone.js": {
			"version": "0.14.10",
			"resolved": "https://registry.npmjs.org/zone.js/-/zone.js-0.14.10.tgz",
			"integrity": "sha512-YGAhaO7J5ywOXW6InXNlLmfU194F8lVgu7bRntUF3TiG8Y3nBK0x1UJJuHUP/e8IyihkjCYqhCScpSwnlaSRkQ==",
			"peer": true
		}
	}
}
